
Microsoft Visual Studio Solution File, Format Version 12.00
# Visual Studio 15
VisualStudioVersion = 15.0.26730.12
MinimumVisualStudioVersion = 10.0.40219.1
Project("{FAE04EC0-301F-11D3-BF4B-00C04F79EFBC}") = "ServerPicker", "ServerPicker\ServerPicker.csproj", "{4FB6423E-386D-4D24-8719-38A6938E6A63}"
EndProject
Project("{54435603-DBB4-11D2-8724-00A0C9A8B90C}") = "ServerPickerSearos", "ServerPickerSearos\ServerPickerSearos.vdproj", "{C3FF41DA-6064-44C1-9BF6-798DB036DE7A}"
EndProject
Global
	GlobalSection(SolutionConfigurationPlatforms) = preSolution
		Debug|Any CPU = Debug|Any CPU
		Debug|Mixed Platforms = Debug|Mixed Platforms
		Debug|x64 = Debug|x64
		Debug|x86 = Debug|x86
		Release|Any CPU = Release|Any CPU
		Release|Mixed Platforms = Release|Mixed Platforms
		Release|x64 = Release|x64
		Release|x86 = Release|x86
		SelectiveBuild|Any CPU = SelectiveBuild|Any CPU
		SelectiveBuild|Mixed Platforms = SelectiveBuild|Mixed Platforms
		SelectiveBuild|x64 = SelectiveBuild|x64
		SelectiveBuild|x86 = SelectiveBuild|x86
		VSTSDeploy|Any CPU = VSTSDeploy|Any CPU
		VSTSDeploy|Mixed Platforms = VSTSDeploy|Mixed Platforms
		VSTSDeploy|x64 = VSTSDeploy|x64
		VSTSDeploy|x86 = VSTSDeploy|x86
	EndGlobalSection
	GlobalSection(ProjectConfigurationPlatforms) = postSolution
		{4FB6423E-386D-4D24-8719-38A6938E6A63}.Debug|Any CPU.ActiveCfg = Debug|Any CPU
		{4FB6423E-386D-4D24-8719-38A6938E6A63}.Debug|Any CPU.Build.0 = Debug|Any CPU
		{4FB6423E-386D-4D24-8719-38A6938E6A63}.Debug|Mixed Platforms.ActiveCfg = Debug|Any CPU
		{4FB6423E-386D-4D24-8719-38A6938E6A63}.Debug|Mixed Platforms.Build.0 = Debug|Any CPU
		{4FB6423E-386D-4D24-8719-38A6938E6A63}.Debug|x64.ActiveCfg = Debug|Any CPU
		{4FB6423E-386D-4D24-8719-38A6938E6A63}.Debug|x64.Build.0 = Debug|Any CPU
		{4FB6423E-386D-4D24-8719-38A6938E6A63}.Debug|x86.ActiveCfg = Debug|Any CPU
		{4FB6423E-386D-4D24-8719-38A6938E6A63}.Debug|x86.Build.0 = Debug|Any CPU
		{4FB6423E-386D-4D24-8719-38A6938E6A63}.Release|Any CPU.ActiveCfg = Release|Any CPU
		{4FB6423E-386D-4D24-8719-38A6938E6A63}.Release|Any CPU.Build.0 = Release|Any CPU
		{4FB6423E-386D-4D24-8719-38A6938E6A63}.Release|Mixed Platforms.ActiveCfg = Release|Any CPU
		{4FB6423E-386D-4D24-8719-38A6938E6A63}.Release|Mixed Platforms.Build.0 = Release|Any CPU
		{4FB6423E-386D-4D24-8719-38A6938E6A63}.Release|x64.ActiveCfg = Release|Any CPU
		{4FB6423E-386D-4D24-8719-38A6938E6A63}.Release|x64.Build.0 = Release|Any CPU
		{4FB6423E-386D-4D24-8719-38A6938E6A63}.Release|x86.ActiveCfg = Release|Any CPU
		{4FB6423E-386D-4D24-8719-38A6938E6A63}.Release|x86.Build.0 = Release|Any CPU
		{4FB6423E-386D-4D24-8719-38A6938E6A63}.SelectiveBuild|Any CPU.ActiveCfg = Release|Any CPU
		{4FB6423E-386D-4D24-8719-38A6938E6A63}.SelectiveBuild|Any CPU.Build.0 = Release|Any CPU
		{4FB6423E-386D-4D24-8719-38A6938E6A63}.SelectiveBuild|Mixed Platforms.ActiveCfg = Release|Any CPU
		{4FB6423E-386D-4D24-8719-38A6938E6A63}.SelectiveBuild|Mixed Platforms.Build.0 = Release|Any CPU
		{4FB6423E-386D-4D24-8719-38A6938E6A63}.SelectiveBuild|x64.ActiveCfg = Release|Any CPU
		{4FB6423E-386D-4D24-8719-38A6938E6A63}.SelectiveBuild|x64.Build.0 = Release|Any CPU
		{4FB6423E-386D-4D24-8719-38A6938E6A63}.SelectiveBuild|x86.ActiveCfg = Release|Any CPU
		{4FB6423E-386D-4D24-8719-38A6938E6A63}.SelectiveBuild|x86.Build.0 = Release|Any CPU
		{4FB6423E-386D-4D24-8719-38A6938E6A63}.VSTSDeploy|Any CPU.ActiveCfg = Release|Any CPU
		{4FB6423E-386D-4D24-8719-38A6938E6A63}.VSTSDeploy|Any CPU.Build.0 = Release|Any CPU
		{4FB6423E-386D-4D24-8719-38A6938E6A63}.VSTSDeploy|Mixed Platforms.ActiveCfg = Release|Any CPU
		{4FB6423E-386D-4D24-8719-38A6938E6A63}.VSTSDeploy|Mixed Platforms.Build.0 = Release|Any CPU
		{4FB6423E-386D-4D24-8719-38A6938E6A63}.VSTSDeploy|x64.ActiveCfg = Release|Any CPU
		{4FB6423E-386D-4D24-8719-38A6938E6A63}.VSTSDeploy|x64.Build.0 = Release|Any CPU
		{4FB6423E-386D-4D24-8719-38A6938E6A63}.VSTSDeploy|x86.ActiveCfg = Release|Any CPU
		{4FB6423E-386D-4D24-8719-38A6938E6A63}.VSTSDeploy|x86.Build.0 = Release|Any CPU
		{C3FF41DA-6064-44C1-9BF6-798DB036DE7A}.Debug|Any CPU.ActiveCfg = Debug
		{C3FF41DA-6064-44C1-9BF6-798DB036DE7A}.Debug|Mixed Platforms.ActiveCfg = Debug
		{C3FF41DA-6064-44C1-9BF6-798DB036DE7A}.Debug|Mixed Platforms.Build.0 = Debug
		{C3FF41DA-6064-44C1-9BF6-798DB036DE7A}.Debug|x64.ActiveCfg = Debug
		{C3FF41DA-6064-44C1-9BF6-798DB036DE7A}.Debug|x64.Build.0 = Debug
		{C3FF41DA-6064-44C1-9BF6-798DB036DE7A}.Debug|x86.ActiveCfg = Debug
		{C3FF41DA-6064-44C1-9BF6-798DB036DE7A}.Debug|x86.Build.0 = Debug
		{C3FF41DA-6064-44C1-9BF6-798DB036DE7A}.Release|Any CPU.ActiveCfg = Release
		{C3FF41DA-6064-44C1-9BF6-798DB036DE7A}.Release|Mixed Platforms.ActiveCfg = Release
		{C3FF41DA-6064-44C1-9BF6-798DB036DE7A}.Release|Mixed Platforms.Build.0 = Release
		{C3FF41DA-6064-44C1-9BF6-798DB036DE7A}.Release|x64.ActiveCfg = Release
		{C3FF41DA-6064-44C1-9BF6-798DB036DE7A}.Release|x64.Build.0 = Release
		{C3FF41DA-6064-44C1-9BF6-798DB036DE7A}.Release|x86.ActiveCfg = Release
		{C3FF41DA-6064-44C1-9BF6-798DB036DE7A}.Release|x86.Build.0 = Release
		{C3FF41DA-6064-44C1-9BF6-798DB036DE7A}.SelectiveBuild|Any CPU.ActiveCfg = Release
		{C3FF41DA-6064-44C1-9BF6-798DB036DE7A}.SelectiveBuild|Any CPU.Build.0 = Release
		{C3FF41DA-6064-44C1-9BF6-798DB036DE7A}.SelectiveBuild|Mixed Platforms.ActiveCfg = Release
		{C3FF41DA-6064-44C1-9BF6-798DB036DE7A}.SelectiveBuild|Mixed Platforms.Build.0 = Release
		{C3FF41DA-6064-44C1-9BF6-798DB036DE7A}.SelectiveBuild|x64.ActiveCfg = Release
		{C3FF41DA-6064-44C1-9BF6-798DB036DE7A}.SelectiveBuild|x64.Build.0 = Release
		{C3FF41DA-6064-44C1-9BF6-798DB036DE7A}.SelectiveBuild|x86.ActiveCfg = Release
		{C3FF41DA-6064-44C1-9BF6-798DB036DE7A}.SelectiveBuild|x86.Build.0 = Release
		{C3FF41DA-6064-44C1-9BF6-798DB036DE7A}.VSTSDeploy|Any CPU.ActiveCfg = Release
		{C3FF41DA-6064-44C1-9BF6-798DB036DE7A}.VSTSDeploy|Any CPU.Build.0 = Release
		{C3FF41DA-6064-44C1-9BF6-798DB036DE7A}.VSTSDeploy|Mixed Platforms.ActiveCfg = Release
		{C3FF41DA-6064-44C1-9BF6-798DB036DE7A}.VSTSDeploy|Mixed Platforms.Build.0 = Release
		{C3FF41DA-6064-44C1-9BF6-798DB036DE7A}.VSTSDeploy|x64.ActiveCfg = Release
		{C3FF41DA-6064-44C1-9BF6-798DB036DE7A}.VSTSDeploy|x64.Build.0 = Release
		{C3FF41DA-6064-44C1-9BF6-798DB036DE7A}.VSTSDeploy|x86.ActiveCfg = Release
		{C3FF41DA-6064-44C1-9BF6-798DB036DE7A}.VSTSDeploy|x86.Build.0 = Release
	EndGlobalSection
	GlobalSection(SolutionProperties) = preSolution
		HideSolutionNode = FALSE
	EndGlobalSection
	GlobalSection(ExtensibilityGlobals) = postSolution
		SolutionGuid = {833A3E3C-AB9B-4B51-852A-07ABDF930257}
	EndGlobalSection
EndGlobal
